// !$*UTF8*$!
{
	archiveVersion = 1;
	classes = {
	};
	objectVersion = 50;
	objects = {

/* Begin PBXBuildFile section */
		2DADD7B12296D5D400EA1B65 /* AppDelegate.swift in Sources */ = {isa = PBXBuildFile; fileRef = 2DADD7B02296D5D400EA1B65 /* AppDelegate.swift */; };
		2DADD7B32296D5D400EA1B65 /* ViewController.swift in Sources */ = {isa = PBXBuildFile; fileRef = 2DADD7B22296D5D400EA1B65 /* ViewController.swift */; };
		2DADD7B62296D5D400EA1B65 /* Main.storyboard in Resources */ = {isa = PBXBuildFile; fileRef = 2DADD7B42296D5D400EA1B65 /* Main.storyboard */; };
		2DADD7B82296D5DB00EA1B65 /* Assets.xcassets in Resources */ = {isa = PBXBuildFile; fileRef = 2DADD7B72296D5DB00EA1B65 /* Assets.xcassets */; };
		2DADD7BB2296D5DB00EA1B65 /* LaunchScreen.storyboard in Resources */ = {isa = PBXBuildFile; fileRef = 2DADD7B92296D5DB00EA1B65 /* LaunchScreen.storyboard */; };
		2DADD7C62296D5DC00EA1B65 /* My_FirstAppTests.swift in Sources */ = {isa = PBXBuildFile; fileRef = 2DADD7C52296D5DC00EA1B65 /* My_FirstAppTests.swift */; };
		2DADD7D12296D5DC00EA1B65 /* My_FirstAppUITests.swift in Sources */ = {isa = PBXBuildFile; fileRef = 2DADD7D02296D5DC00EA1B65 /* My_FirstAppUITests.swift */; };
/* End PBXBuildFile section */

/* Begin PBXContainerItemProxy section */
		2DADD7C22296D5DC00EA1B65 /* PBXContainerItemProxy */ = {
			isa = PBXContainerItemProxy;
			containerPortal = 2DADD7A52296D5D200EA1B65 /* Project object */;
			proxyType = 1;
			remoteGlobalIDString = 2DADD7AC2296D5D300EA1B65;
			remoteInfo = "My FirstApp";
		};
		2DADD7CD2296D5DC00EA1B65 /* PBXContainerItemProxy */ = {
			isa = PBXContainerItemProxy;
			containerPortal = 2DADD7A52296D5D200EA1B65 /* Project object */;
			proxyType = 1;
			remoteGlobalIDString = 2DADD7AC2296D5D300EA1B65;
			remoteInfo = "My FirstApp";
		};
/* End PBXContainerItemProxy section */

/* Begin PBXFileReference section */
		2DADD7AD2296D5D400EA1B65 /* My FirstApp.app */ = {isa = PBXFileReference; explicitFileType = wrapper.application; includeInIndex = 0; path = "My FirstApp.app"; sourceTree = BUILT_PRODUCTS_DIR; };
		2DADD7B02296D5D400EA1B65 /* AppDelegate.swift */ = {isa = PBXFileReference; lastKnownFileType = sourcecode.swift; path = AppDelegate.swift; sourceTree = "<group>"; };
		2DADD7B22296D5D400EA1B65 /* ViewController.swift */ = {isa = PBXFileReference; lastKnownFileType = sourcecode.swift; path = ViewController.swift; sourceTree = "<group>"; };
		2DADD7B52296D5D400EA1B65 /* Base */ = {isa = PBXFileReference; lastKnownFileType = file.storyboard; name = Base; path = Base.lproj/Main.storyboard; sourceTree = "<group>"; };
		2DADD7B72296D5DB00EA1B65 /* Assets.xcassets */ = {isa = PBXFileReference; lastKnownFileType = folder.assetcatalog; path = Assets.xcassets; sourceTree = "<group>"; };
		2DADD7BA2296D5DB00EA1B65 /* Base */ = {isa = PBXFileReference; lastKnownFileType = file.storyboard; name = Base; path = Base.lproj/LaunchScreen.storyboard; sourceTree = "<group>"; };
		2DADD7BC2296D5DB00EA1B65 /* Info.plist */ = {isa = PBXFileReference; lastKnownFileType = text.plist.xml; path = Info.plist; sourceTree = "<group>"; };
		2DADD7C12296D5DC00EA1B65 /* My FirstAppTests.xctest */ = {isa = PBXFileReference; explicitFileType = wrapper.cfbundle; includeInIndex = 0; path = "My FirstAppTests.xctest"; sourceTree = BUILT_PRODUCTS_DIR; };
		2DADD7C52296D5DC00EA1B65 /* My_FirstAppTests.swift */ = {isa = PBXFileReference; lastKnownFileType = sourcecode.swift; path = My_FirstAppTests.swift; sourceTree = "<group>"; };
		2DADD7C72296D5DC00EA1B65 /* Info.plist */ = {isa = PBXFileReference; lastKnownFileType = text.plist.xml; path = Info.plist; sourceTree = "<group>"; };
		2DADD7CC2296D5DC00EA1B65 /* My FirstAppUITests.xctest */ = {isa = PBXFileReference; explicitFileType = wrapper.cfbundle; includeInIndex = 0; path = "My FirstAppUITests.xctest"; sourceTree = BUILT_PRODUCTS_DIR; };
		2DADD7D02296D5DC00EA1B65 /* My_FirstAppUITests.swift */ = {isa = PBXFileReference; lastKnownFileType = sourcecode.swift; path = My_FirstAppUITests.swift; sourceTree = "<group>"; };
		2DADD7D22296D5DC00EA1B65 /* Info.plist */ = {isa = PBXFileReference; lastKnownFileType = text.plist.xml; path = Info.plist; sourceTree = "<group>"; };
/* End PBXFileReference section */

/* Begin PBXFrameworksBuildPhase section */
		2DADD7AA2296D5D300EA1B65 /* Frameworks */ = {
			isa = PBXFrameworksBuildPhase;
			buildActionMask = 2147483647;
			files = (
			);
			runOnlyForDeploymentPostprocessing = 0;
		};
		2DADD7BE2296D5DC00EA1B65 /* Frameworks */ = {
			isa = PBXFrameworksBuildPhase;
			buildActionMask = 2147483647;
			files = (
			);
			runOnlyForDeploymentPostprocessing = 0;
		};
		2DADD7C92296D5DC00EA1B65 /* Frameworks */ = {
			isa = PBXFrameworksBuildPhase;
			buildActionMask = 2147483647;
			files = (
			);
			runOnlyForDeploymentPostprocessing = 0;
		};
/* End PBXFrameworksBuildPhase section */

/* Begin PBXGroup section */
		2DADD7A42296D5D200EA1B65 = {
			isa = PBXGroup;
			children = (
				2DADD7AF2296D5D400EA1B65 /* My FirstApp */,
				2DADD7C42296D5DC00EA1B65 /* My FirstAppTests */,
				2DADD7CF2296D5DC00EA1B65 /* My FirstAppUITests */,
				2DADD7AE2296D5D400EA1B65 /* Products */,
			);
			sourceTree = "<group>";
		};
		2DADD7AE2296D5D400EA1B65 /* Products */ = {
			isa = PBXGroup;
			children = (
				2DADD7AD2296D5D400EA1B65 /* My FirstApp.app */,
				2DADD7C12296D5DC00EA1B65 /* My FirstAppTests.xctest */,
				2DADD7CC2296D5DC00EA1B65 /* My FirstAppUITests.xctest */,
			);
			name = Products;
			sourceTree = "<group>";
		};
		2DADD7AF2296D5D400EA1B65 /* My FirstApp */ = {
			isa = PBXGroup;
			children = (
				2DADD7B02296D5D400EA1B65 /* AppDelegate.swift */,
				2DADD7B22296D5D400EA1B65 /* ViewController.swift */,
				2DADD7B42296D5D400EA1B65 /* Main.storyboard */,
				2DADD7B72296D5DB00EA1B65 /* Assets.xcassets */,
				2DADD7B92296D5DB00EA1B65 /* LaunchScreen.storyboard */,
				2DADD7BC2296D5DB00EA1B65 /* Info.plist */,
			);
			path = "My FirstApp";
			sourceTree = "<group>";
		};
		2DADD7C42296D5DC00EA1B65 /* My FirstAppTests */ = {
			isa = PBXGroup;
			children = (
				2DADD7C52296D5DC00EA1B65 /* My_FirstAppTests.swift */,
				2DADD7C72296D5DC00EA1B65 /* Info.plist */,
			);
			path = "My FirstAppTests";
			sourceTree = "<group>";
		};
		2DADD7CF2296D5DC00EA1B65 /* My FirstAppUITests */ = {
			isa = PBXGroup;
			children = (
				2DADD7D02296D5DC00EA1B65 /* My_FirstAppUITests.swift */,
				2DADD7D22296D5DC00EA1B65 /* Info.plist */,
			);
			path = "My FirstAppUITests";
			sourceTree = "<group>";
		};
/* End PBXGroup section */

/* Begin PBXNativeTarget section */
		2DADD7AC2296D5D300EA1B65 /* My FirstApp */ = {
			isa = PBXNativeTarget;
			buildConfigurationList = 2DADD7D52296D5DC00EA1B65 /* Build configuration list for PBXNativeTarget "My FirstApp" */;
			buildPhases = (
				2DADD7A92296D5D300EA1B65 /* Sources */,
				2DADD7AA2296D5D300EA1B65 /* Frameworks */,
				2DADD7AB2296D5D300EA1B65 /* Resources */,
			);
			buildRules = (
			);
			dependencies = (
			);
			name = "My FirstApp";
			productName = "My FirstApp";
			productReference = 2DADD7AD2296D5D400EA1B65 /* My FirstApp.app */;
			productType = "com.apple.product-type.application";
		};
		2DADD7C02296D5DC00EA1B65 /* My FirstAppTests */ = {
			isa = PBXNativeTarget;
			buildConfigurationList = 2DADD7D82296D5DC00EA1B65 /* Build configuration list for PBXNativeTarget "My FirstAppTests" */;
			buildPhases = (
				2DADD7BD2296D5DC00EA1B65 /* Sources */,
				2DADD7BE2296D5DC00EA1B65 /* Frameworks */,
				2DADD7BF2296D5DC00EA1B65 /* Resources */,
			);
			buildRules = (
			);
			dependencies = (
				2DADD7C32296D5DC00EA1B65 /* PBXTargetDependency */,
			);
			name = "My FirstAppTests";
			productName = "My FirstAppTests";
			productReference = 2DADD7C12296D5DC00EA1B65 /* My FirstAppTests.xctest */;
			productType = "com.apple.product-type.bundle.unit-test";
		};
		2DADD7CB2296D5DC00EA1B65 /* My FirstAppUITests */ = {
			isa = PBXNativeTarget;
			buildConfigurationList = 2DADD7DB2296D5DC00EA1B65 /* Build configuration list for PBXNativeTarget "My FirstAppUITests" */;
			buildPhases = (
				2DADD7C82296D5DC00EA1B65 /* Sources */,
				2DADD7C92296D5DC00EA1B65 /* Frameworks */,
				2DADD7CA2296D5DC00EA1B65 /* Resources */,
			);
			buildRules = (
			);
			dependencies = (
				2DADD7CE2296D5DC00EA1B65 /* PBXTargetDependency */,
			);
			name = "My FirstAppUITests";
			productName = "My FirstAppUITests";
			productReference = 2DADD7CC2296D5DC00EA1B65 /* My FirstAppUITests.xctest */;
			productType = "com.apple.product-type.bundle.ui-testing";
		};
/* End PBXNativeTarget section */

/* Begin PBXProject section */
		2DADD7A52296D5D200EA1B65 /* Project object */ = {
			isa = PBXProject;
			attributes = {
				LastSwiftUpdateCheck = 1010;
				LastUpgradeCheck = 1010;
				ORGANIZATIONNAME = Isoppu;
				TargetAttributes = {
					2DADD7AC2296D5D300EA1B65 = {
						CreatedOnToolsVersion = 10.1;
					};
					2DADD7C02296D5DC00EA1B65 = {
						CreatedOnToolsVersion = 10.1;
						TestTargetID = 2DADD7AC2296D5D300EA1B65;
					};
					2DADD7CB2296D5DC00EA1B65 = {
						CreatedOnToolsVersion = 10.1;
						TestTargetID = 2DADD7AC2296D5D300EA1B65;
					};
				};
			};
			buildConfigurationList = 2DADD7A82296D5D200EA1B65 /* Build configuration list for PBXProject "My FirstApp" */;
			compatibilityVersion = "Xcode 9.3";
			developmentRegion = en;
			hasScannedForEncodings = 0;
			knownRegions = (
				en,
				Base,
			);
			mainGroup = 2DADD7A42296D5D200EA1B65;
			productRefGroup = 2DADD7AE2296D5D400EA1B65 /* Products */;
			projectDirPath = "";
			projectRoot = "";
			targets = (
				2DADD7AC2296D5D300EA1B65 /* My FirstApp */,
				2DADD7C02296D5DC00EA1B65 /* My FirstAppTests */,
				2DADD7CB2296D5DC00EA1B65 /* My FirstAppUITests */,
			);
		};
/* End PBXProject section */

/* Begin PBXResourcesBuildPhase section */
		2DADD7AB2296D5D300EA1B65 /* Resources */ = {
			isa = PBXResourcesBuildPhase;
			buildActionMask = 2147483647;
			files = (
				2DADD7BB2296D5DB00EA1B65 /* LaunchScreen.storyboard in Resources */,
				2DADD7B82296D5DB00EA1B65 /* Assets.xcassets in Resources */,
				2DADD7B62296D5D400EA1B65 /* Main.storyboard in Resources */,
			);
			runOnlyForDeploymentPostprocessing = 0;
		};
		2DADD7BF2296D5DC00EA1B65 /* Resources */ = {
			isa = PBXResourcesBuildPhase;
			buildActionMask = 2147483647;
			files = (
			);
			runOnlyForDeploymentPostprocessing = 0;
		};
		2DADD7CA2296D5DC00EA1B65 /* Resources */ = {
			isa = PBXResourcesBuildPhase;
			buildActionMask = 2147483647;
			files = (
			);
			runOnlyForDeploymentPostprocessing = 0;
		};
/* End PBXResourcesBuildPhase section */

/* Begin PBXSourcesBuildPhase section */
		2DADD7A92296D5D300EA1B65 /* Sources */ = {
			isa = PBXSourcesBuildPhase;
			buildActionMask = 2147483647;
			files = (
				2DADD7B32296D5D400EA1B65 /* ViewController.swift in Sources */,
				2DADD7B12296D5D400EA1B65 /* AppDelegate.swift in Sources */,
			);
			runOnlyForDeploymentPostprocessing = 0;
		};
		2DADD7BD2296D5DC00EA1B65 /* Sources */ = {
			isa = PBXSourcesBuildPhase;
			buildActionMask = 2147483647;
			files = (
				2DADD7C62296D5DC00EA1B65 /* My_FirstAppTests.swift in Sources */,
			);
			runOnlyForDeploymentPostprocessing = 0;
		};
		2DADD7C82296D5DC00EA1B65 /* Sources */ = {
			isa = PBXSourcesBuildPhase;
			buildActionMask = 2147483647;
			files = (
				2DADD7D12296D5DC00EA1B65 /* My_FirstAppUITests.swift in Sources */,
			);
			runOnlyForDeploymentPostprocessing = 0;
		};
/* End PBXSourcesBuildPhase section */

/* Begin PBXTargetDependency section */
		2DADD7C32296D5DC00EA1B65 /* PBXTargetDependency */ = {
			isa = PBXTargetDependency;
			target = 2DADD7AC2296D5D300EA1B65 /* My FirstApp */;
			targetProxy = 2DADD7C22296D5DC00EA1B65 /* PBXContainerItemProxy */;
		};
		2DADD7CE2296D5DC00EA1B65 /* PBXTargetDependency */ = {
			isa = PBXTargetDependency;
			target = 2DADD7AC2296D5D300EA1B65 /* My FirstApp */;
			targetProxy = 2DADD7CD2296D5DC00EA1B65 /* PBXContainerItemProxy */;
		};
/* End PBXTargetDependency section */

/* Begin PBXVariantGroup section */
		2DADD7B42296D5D400EA1B65 /* Main.storyboard */ = {
			isa = PBXVariantGroup;
			children = (
				2DADD7B52296D5D400EA1B65 /* Base */,
			);
			name = Main.storyboard;
			sourceTree = "<group>";
		};
		2DADD7B92296D5DB00EA1B65 /* LaunchScreen.storyboard */ = {
			isa = PBXVariantGroup;
			children = (
				2DADD7BA2296D5DB00EA1B65 /* Base */,
			);
			name = LaunchScreen.storyboard;
			sourceTree = "<group>";
		};
/* End PBXVariantGroup section */

/* Begin XCBuildConfiguration section */
		2DADD7D32296D5DC00EA1B65 /* Debug */ = {
			isa = XCBuildConfiguration;
			buildSettings = {
				ALWAYS_SEARCH_USER_PATHS = NO;
				CLANG_ANALYZER_NONNULL = YES;
				CLANG_ANALYZER_NUMBER_OBJECT_CONVERSION = YES_AGGRESSIVE;
				CLANG_CXX_LANGUAGE_STANDARD = "gnu++14";
				CLANG_CXX_LIBRARY = "libc++";
				CLANG_ENABLE_MODULES = YES;
				CLANG_ENABLE_OBJC_ARC = YES;
				CLANG_ENABLE_OBJC_WEAK = YES;
				CLANG_WARN_BLOCK_CAPTURE_AUTORELEASING = YES;
				CLANG_WARN_BOOL_CONVERSION = YES;
				CLANG_WARN_COMMA = YES;
				CLANG_WARN_CONSTANT_CONVERSION = YES;
				CLANG_WARN_DEPRECATED_OBJC_IMPLEMENTATIONS = YES;
				CLANG_WARN_DIRECT_OBJC_ISA_USAGE = YES_ERROR;
				CLANG_WARN_DOCUMENTATION_COMMENTS = YES;
				CLANG_WARN_EMPTY_BODY = YES;
				CLANG_WARN_ENUM_CONVERSION = YES;
				CLANG_WARN_INFINITE_RECURSION = YES;
				CLANG_WARN_INT_CONVERSION = YES;
				CLANG_WARN_NON_LITERAL_NULL_CONVERSION = YES;
				CLANG_WARN_OBJC_IMPLICIT_RETAIN_SELF = YES;
				CLANG_WARN_OBJC_LITERAL_CONVERSION = YES;
				CLANG_WARN_OBJC_ROOT_CLASS = YES_ERROR;
				CLANG_WARN_RANGE_LOOP_ANALYSIS = YES;
				CLANG_WARN_STRICT_PROTOTYPES = YES;
				CLANG_WARN_SUSPICIOUS_MOVE = YES;
				CLANG_WARN_UNGUARDED_AVAILABILITY = YES_AGGRESSIVE;
				CLANG_WARN_UNREACHABLE_CODE = YES;
				CLANG_WARN__DUPLICATE_METHOD_MATCH = YES;
				CODE_SIGN_IDENTITY = "iPhone Developer";
				COPY_PHASE_STRIP = NO;
				DEBUG_INFORMATION_FORMAT = dwarf;
				ENABLE_STRICT_OBJC_MSGSEND = YES;
				ENABLE_TESTABILITY = YES;
				GCC_C_LANGUAGE_STANDARD = gnu11;
				GCC_DYNAMIC_NO_PIC = NO;
				GCC_NO_COMMON_BLOCKS = YES;
				GCC_OPTIMIZATION_LEVEL = 0;
				GCC_PREPROCESSOR_DEFINITIONS = (
					"DEBUG=1",
					"$(inherited)",
				);
				GCC_WARN_64_TO_32_BIT_CONVERSION = YES;
				GCC_WARN_ABOUT_RETURN_TYPE = YES_ERROR;
				GCC_WARN_UNDECLARED_SELECTOR = YES;
				GCC_WARN_UNINITIALIZED_AUTOS = YES_AGGRESSIVE;
				GCC_WARN_UNUSED_FUNCTION = YES;
				GCC_WARN_UNUSED_VARIABLE = YES;
				IPHONEOS_DEPLOYMENT_TARGET = 12.1;
				MTL_ENABLE_DEBUG_INFO = INCLUDE_SOURCE;
				MTL_FAST_MATH = YES;
				ONLY_ACTIVE_ARCH = YES;
				SDKROOT = iphoneos;
				SWIFT_ACTIVE_COMPILATION_CONDITIONS = DEBUG;
				SWIFT_OPTIMIZATION_LEVEL = "-Onone";
			};
			name = Debug;
		};
		2DADD7D42296D5DC00EA1B65 /* Release */ = {
			isa = XCBuildConfiguration;
			buildSettings = {
				ALWAYS_SEARCH_USER_PATHS = NO;
				CLANG_ANALYZER_NONNULL = YES;
				CLANG_ANALYZER_NUMBER_OBJECT_CONVERSION = YES_AGGRESSIVE;
				CLANG_CXX_LANGUAGE_STANDARD = "gnu++14";
				CLANG_CXX_LIBRARY = "libc++";
				CLANG_ENABLE_MODULES = YES;
				CLANG_ENABLE_OBJC_ARC = YES;
				CLANG_ENABLE_OBJC_WEAK = YES;
				CLANG_WARN_BLOCK_CAPTURE_AUTORELEASING = YES;
				CLANG_WARN_BOOL_CONVERSION = YES;
				CLANG_WARN_COMMA = YES;
				CLANG_WARN_CONSTANT_CONVERSION = YES;
				CLANG_WARN_DEPRECATED_OBJC_IMPLEMENTATIONS = YES;
				CLANG_WARN_DIRECT_OBJC_ISA_USAGE = YES_ERROR;
				CLANG_WARN_DOCUMENTATION_COMMENTS = YES;
				CLANG_WARN_EMPTY_BODY = YES;
				CLANG_WARN_ENUM_CONVERSION = YES;
				CLANG_WARN_INFINITE_RECURSION = YES;
				CLANG_WARN_INT_CONVERSION = YES;
				CLANG_WARN_NON_LITERAL_NULL_CONVERSION = YES;
				CLANG_WARN_OBJC_IMPLICIT_RETAIN_SELF = YES;
				CLANG_WARN_OBJC_LITERAL_CONVERSION = YES;
				CLANG_WARN_OBJC_ROOT_CLASS = YES_ERROR;
				CLANG_WARN_RANGE_LOOP_ANALYSIS = YES;
				CLANG_WARN_STRICT_PROTOTYPES = YES;
				CLANG_WARN_SUSPICIOUS_MOVE = YES;
				CLANG_WARN_UNGUARDED_AVAILABILITY = YES_AGGRESSIVE;
				CLANG_WARN_UNREACHABLE_CODE = YES;
				CLANG_WARN__DUPLICATE_METHOD_MATCH = YES;
				CODE_SIGN_IDENTITY = "iPhone Developer";
				COPY_PHASE_STRIP = NO;
				DEBUG_INFORMATION_FORMAT = "dwarf-with-dsym";
				ENABLE_NS_ASSERTIONS = NO;
				ENABLE_STRICT_OBJC_MSGSEND = YES;
				GCC_C_LANGUAGE_STANDARD = gnu11;
				GCC_NO_COMMON_BLOCKS = YES;
				GCC_WARN_64_TO_32_BIT_CONVERSION = YES;
				GCC_WARN_ABOUT_RETURN_TYPE = YES_ERROR;
				GCC_WARN_UNDECLARED_SELECTOR = YES;
				GCC_WARN_UNINITIALIZED_AUTOS = YES_AGGRESSIVE;
				GCC_WARN_UNUSED_FUNCTION = YES;
				GCC_WARN_UNUSED_VARIABLE = YES;
				IPHONEOS_DEPLOYMENT_TARGET = 12.1;
				MTL_ENABLE_DEBUG_INFO = NO;
				MTL_FAST_MATH = YES;
				SDKROOT = iphoneos;
				SWIFT_COMPILATION_MODE = wholemodule;
				SWIFT_OPTIMIZATION_LEVEL = "-O";
				VALIDATE_PRODUCT = YES;
			};
			name = Release;
		};
		2DADD7D62296D5DC00EA1B65 /* Debug */ = {
			isa = XCBuildConfiguration;
			buildSettings = {
				ASSETCATALOG_COMPILER_APPICON_NAME = AppIcon;
				CODE_SIGN_STYLE = Automatic;
				INFOPLIST_FILE = "My FirstApp/Info.plist";
				LD_RUNPATH_SEARCH_PATHS = (
					"$(inherited)",
					"@executable_path/Frameworks",
				);
				PRODUCT_BUNDLE_IDENTIFIER = "com.Isoppu.My-FirstApp";
				PRODUCT_NAME = "$(TARGET_NAME)";
				SWIFT_VERSION = 4.2;
				TARGETED_DEVICE_FAMILY = "1,2";
			};
			name = Debug;
		};
		2DADD7D72296D5DC00EA1B65 /* Release */ = {
			isa = XCBuildConfiguration;
			buildSettings = {
				ASSETCATALOG_COMPILER_APPICON_NAME = AppIcon;
				CODE_SIGN_STYLE = Automatic;
				INFOPLIST_FILE = "My FirstApp/Info.plist";
				LD_RUNPATH_SEARCH_PATHS = (
					"$(inherited)",
					"@executable_path/Frameworks",
				);
				PRODUCT_BUNDLE_IDENTIFIER = "com.Isoppu.My-FirstApp";
				PRODUCT_NAME = "$(TARGET_NAME)";
				SWIFT_VERSION = 4.2;
				TARGETED_DEVICE_FAMILY = "1,2";
			};
			name = Release;
		};
		2DADD7D92296D5DC00EA1B65 /* Debug */ = {
			isa = XCBuildConfiguration;
			buildSettings = {
				ALWAYS_EMBED_SWIFT_STANDARD_LIBRARIES = YES;
				BUNDLE_LOADER = "$(TEST_HOST)";
				CODE_SIGN_STYLE = Automatic;
				INFOPLIST_FILE = "My FirstAppTests/Info.plist";
				LD_RUNPATH_SEARCH_PATHS = (
					"$(inherited)",
					"@executable_path/Frameworks",
					"@loader_path/Frameworks",
				);
				PRODUCT_BUNDLE_IDENTIFIER = "com.Isoppu.My-FirstAppTests";
				PRODUCT_NAME = "$(TARGET_NAME)";
				SWIFT_VERSION = 4.2;
				TARGETED_DEVICE_FAMILY = "1,2";
				TEST_HOST = "$(BUILT_PRODUCTS_DIR)/My FirstApp.app/My FirstApp";
			};
			name = Debug;
		};
		2DADD7DA2296D5DC00EA1B65 /* Release */ = {
			isa = XCBuildConfiguration;
			buildSettings = {
				ALWAYS_EMBED_SWIFT_STANDARD_LIBRARIES = YES;
				BUNDLE_LOADER = "$(TEST_HOST)";
				CODE_SIGN_STYLE = Automatic;
				INFOPLIST_FILE = "My FirstAppTests/Info.plist";
				LD_RUNPATH_SEARCH_PATHS = (
					"$(inherited)",
					"@executable_path/Frameworks",
					"@loader_path/Frameworks",
				);
				PRODUCT_BUNDLE_IDENTIFIER = "com.Isoppu.My-FirstAppTests";
				PRODUCT_NAME = "$(TARGET_NAME)";
				SWIFT_VERSION = 4.2;
				TARGETED_DEVICE_FAMILY = "1,2";
				TEST_HOST = "$(BUILT_PRODUCTS_DIR)/My FirstApp.app/My FirstApp";
			};
			name = Release;
		};
		2DADD7DC2296D5DC00EA1B65 /* Debug */ = {
			isa = XCBuildConfiguration;
			buildSettings = {
				ALWAYS_EMBED_SWIFT_STANDARD_LIBRARIES = YES;
				CODE_SIGN_STYLE = Automatic;
				INFOPLIST_FILE = "My FirstAppUITests/Info.plist";
				LD_RUNPATH_SEARCH_PATHS = (
					"$(inherited)",
					"@executable_path/Frameworks",
					"@loader_path/Frameworks",
				);
				PRODUCT_BUNDLE_IDENTIFIER = "com.Isoppu.My-FirstAppUITests";
				PRODUCT_NAME = "$(TARGET_NAME)";
				SWIFT_VERSION = 4.2;
				TARGETED_DEVICE_FAMILY = "1,2";
				TEST_TARGET_NAME = "My FirstApp";
			};
			name = Debug;
		};
		2DADD7DD2296D5DC00EA1B65 /* Release */ = {
			isa = XCBuildConfiguration;
			buildSettings = {
				ALWAYS_EMBED_SWIFT_STANDARD_LIBRARIES = YES;
				CODE_SIGN_STYLE = Automatic;
				INFOPLIST_FILE = "My FirstAppUITests/Info.plist";
				LD_RUNPATH_SEARCH_PATHS = (
					"$(inherited)",
					"@executable_path/Frameworks",
					"@loader_path/Frameworks",
				);
				PRODUCT_BUNDLE_IDENTIFIER = "com.Isoppu.My-FirstAppUITests";
				PRODUCT_NAME = "$(TARGET_NAME)";
				SWIFT_VERSION = 4.2;
				TARGETED_DEVICE_FAMILY = "1,2";
				TEST_TARGET_NAME = "My FirstApp";
			};
			name = Release;
		};
/* End XCBuildConfiguration section */

/* Begin XCConfigurationList section */
		2DADD7A82296D5D200EA1B65 /* Build configuration list for PBXProject "My FirstApp" */ = {
			isa = XCConfigurationList;
			buildConfigurations = (
				2DADD7D32296D5DC00EA1B65 /* Debug */,
				2DADD7D42296D5DC00EA1B65 /* Release */,
			);
			defaultConfigurationIsVisible = 0;
			defaultConfigurationName = Release;
		};
		2DADD7D52296D5DC00EA1B65 /* Build configuration list for PBXNativeTarget "My FirstApp" */ = {
			isa = XCConfigurationList;
			buildConfigurations = (
				2DADD7D62296D5DC00EA1B65 /* Debug */,
				2DADD7D72296D5DC00EA1B65 /* Release */,
			);
			defaultConfigurationIsVisible = 0;
			defaultConfigurationName = Release;
		};
		2DADD7D82296D5DC00EA1B65 /* Build configuration list for PBXNativeTarget "My FirstAppTests" */ = {
			isa = XCConfigurationList;
			buildConfigurations = (
				2DADD7D92296D5DC00EA1B65 /* Debug */,
				2DADD7DA2296D5DC00EA1B65 /* Release */,
			);
			defaultConfigurationIsVisible = 0;
			defaultConfigurationName = Release;
		};
		2DADD7DB2296D5DC00EA1B65 /* Build configuration list for PBXNativeTarget "My FirstAppUITests" */ = {
			isa = XCConfigurationList;
			buildConfigurations = (
				2DADD7DC2296D5DC00EA1B65 /* Debug */,
				2DADD7DD2296D5DC00EA1B65 /* Release */,
			);
			defaultConfigurationIsVisible = 0;
			defaultConfigurationName = Release;
		};
/* End XCConfigurationList section */
	};
	rootObject = 2DADD7A52296D5D200EA1B65 /* Project object */;
}
